
Microsoft Visual Studio Solution File, Format Version 12.00
# Visual Studio Version 17
VisualStudioVersion = 17.8.34511.84
MinimumVisualStudioVersion = 10.0.40219.1
Project("{FAE04EC0-301F-11D3-BF4B-00C04F79EFBC}") = "MauiHackDay.DynamicStyling", "MauiHackDay.DynamicStyling\MauiHackDay.DynamicStyling.csproj", "{369672D7-2CF4-42D8-A687-A2FE5C917D62}"
EndProject
Global
	GlobalSection(SolutionConfigurationPlatforms) = preSolution
		Debug|Any CPU = Debug|Any CPU
		Release|Any CPU = Release|Any CPU
	EndGlobalSection
	GlobalSection(ProjectConfigurationPlatforms) = postSolution
		{369672D7-2CF4-42D8-A687-A2FE5C917D62}.Debug|Any CPU.ActiveCfg = Debug|Any CPU
		{369672D7-2CF4-42D8-A687-A2FE5C917D62}.Debug|Any CPU.Build.0 = Debug|Any CPU
		{369672D7-2CF4-42D8-A687-A2FE5C917D62}.Debug|Any CPU.Deploy.0 = Debug|Any CPU
		{369672D7-2CF4-42D8-A687-A2FE5C917D62}.Release|Any CPU.ActiveCfg = Release|Any CPU
		{369672D7-2CF4-42D8-A687-A2FE5C917D62}.Release|Any CPU.Build.0 = Release|Any CPU
		{369672D7-2CF4-42D8-A687-A2FE5C917D62}.Release|Any CPU.Deploy.0 = Release|Any CPU
	EndGlobalSection
	GlobalSection(SolutionProperties) = preSolution
		HideSolutionNode = FALSE
	EndGlobalSection
	GlobalSection(ExtensibilityGlobals) = postSolution
		SolutionGuid = {42DDA364-5F71-41EC-B85A-59F9E7FB975E}
	EndGlobalSection
EndGlobal
